// !$*UTF8*$!
{
	archiveVersion = 1;
	classes = {
	};
	objectVersion = 50;
	objects = {

/* Begin PBXBuildFile section */
		B27F1FF6229A8AF200E504EE /* AppDelegate.swift in Sources */ = {isa = PBXBuildFile; fileRef = B27F1FF5229A8AF200E504EE /* AppDelegate.swift */; };
		B27F1FF8229A8AF200E504EE /* StopsViewController.swift in Sources */ = {isa = PBXBuildFile; fileRef = B27F1FF7229A8AF200E504EE /* StopsViewController.swift */; };
		B27F1FFA229A8AF200E504EE /* RoutesViewController.swift in Sources */ = {isa = PBXBuildFile; fileRef = B27F1FF9229A8AF200E504EE /* RoutesViewController.swift */; };
		B27F1FFD229A8AF200E504EE /* Main.storyboard in Resources */ = {isa = PBXBuildFile; fileRef = B27F1FFB229A8AF200E504EE /* Main.storyboard */; };
		B27F1FFF229A8AF300E504EE /* Assets.xcassets in Resources */ = {isa = PBXBuildFile; fileRef = B27F1FFE229A8AF300E504EE /* Assets.xcassets */; };
		B27F2002229A8AF300E504EE /* LaunchScreen.storyboard in Resources */ = {isa = PBXBuildFile; fileRef = B27F2000229A8AF300E504EE /* LaunchScreen.storyboard */; };
		EDEE3D0B71B48D32BDB9472C /* Pods_GalwayBusApp.framework in Frameworks */ = {isa = PBXBuildFile; fileRef = 170359068154A044010D0133 /* Pods_GalwayBusApp.framework */; };
/* End PBXBuildFile section */

/* Begin PBXCopyFilesBuildPhase section */
		B27F200C229A924B00E504EE /* Embed Frameworks */ = {
			isa = PBXCopyFilesBuildPhase;
			buildActionMask = 2147483647;
			dstPath = "";
			dstSubfolderSpec = 10;
			files = (
			);
			name = "Embed Frameworks";
			runOnlyForDeploymentPostprocessing = 0;
		};
/* End PBXCopyFilesBuildPhase section */

/* Begin PBXFileReference section */
		170359068154A044010D0133 /* Pods_GalwayBusApp.framework */ = {isa = PBXFileReference; explicitFileType = wrapper.framework; includeInIndex = 0; path = Pods_GalwayBusApp.framework; sourceTree = BUILT_PRODUCTS_DIR; };
		316BC0E668B25951D636FC20 /* Pods-GalwayBusApp.debug.xcconfig */ = {isa = PBXFileReference; includeInIndex = 1; lastKnownFileType = text.xcconfig; name = "Pods-GalwayBusApp.debug.xcconfig"; path = "Target Support Files/Pods-GalwayBusApp/Pods-GalwayBusApp.debug.xcconfig"; sourceTree = "<group>"; };
		710CC103844540F692ACC73E /* Pods-GalwayBusApp.release.xcconfig */ = {isa = PBXFileReference; includeInIndex = 1; lastKnownFileType = text.xcconfig; name = "Pods-GalwayBusApp.release.xcconfig"; path = "Target Support Files/Pods-GalwayBusApp/Pods-GalwayBusApp.release.xcconfig"; sourceTree = "<group>"; };
		B27F1FF2229A8AF200E504EE /* GalwayBusApp.app */ = {isa = PBXFileReference; explicitFileType = wrapper.application; includeInIndex = 0; path = GalwayBusApp.app; sourceTree = BUILT_PRODUCTS_DIR; };
		B27F1FF5229A8AF200E504EE /* AppDelegate.swift */ = {isa = PBXFileReference; lastKnownFileType = sourcecode.swift; path = AppDelegate.swift; sourceTree = "<group>"; };
		B27F1FF7229A8AF200E504EE /* StopsViewController.swift */ = {isa = PBXFileReference; lastKnownFileType = sourcecode.swift; path = StopsViewController.swift; sourceTree = "<group>"; };
		B27F1FF9229A8AF200E504EE /* RoutesViewController.swift */ = {isa = PBXFileReference; lastKnownFileType = sourcecode.swift; path = RoutesViewController.swift; sourceTree = "<group>"; };
		B27F1FFC229A8AF200E504EE /* Base */ = {isa = PBXFileReference; lastKnownFileType = file.storyboard; name = Base; path = Base.lproj/Main.storyboard; sourceTree = "<group>"; };
		B27F1FFE229A8AF300E504EE /* Assets.xcassets */ = {isa = PBXFileReference; lastKnownFileType = folder.assetcatalog; path = Assets.xcassets; sourceTree = "<group>"; };
		B27F2001229A8AF300E504EE /* Base */ = {isa = PBXFileReference; lastKnownFileType = file.storyboard; name = Base; path = Base.lproj/LaunchScreen.storyboard; sourceTree = "<group>"; };
		B27F2003229A8AF300E504EE /* Info.plist */ = {isa = PBXFileReference; lastKnownFileType = text.plist.xml; path = Info.plist; sourceTree = "<group>"; };
/* End PBXFileReference section */

/* Begin PBXFrameworksBuildPhase section */
		B27F1FEF229A8AF200E504EE /* Frameworks */ = {
			isa = PBXFrameworksBuildPhase;
			buildActionMask = 2147483647;
			files = (
				EDEE3D0B71B48D32BDB9472C /* Pods_GalwayBusApp.framework in Frameworks */,
			);
			runOnlyForDeploymentPostprocessing = 0;
		};
/* End PBXFrameworksBuildPhase section */

/* Begin PBXGroup section */
		317B257004B61D2E35FF0377 /* Frameworks */ = {
			isa = PBXGroup;
			children = (
				170359068154A044010D0133 /* Pods_GalwayBusApp.framework */,
			);
			name = Frameworks;
			sourceTree = "<group>";
		};
		9982FDBE02DB54D9A32D5CB7 /* Pods */ = {
			isa = PBXGroup;
			children = (
				316BC0E668B25951D636FC20 /* Pods-GalwayBusApp.debug.xcconfig */,
				710CC103844540F692ACC73E /* Pods-GalwayBusApp.release.xcconfig */,
			);
			path = Pods;
			sourceTree = "<group>";
		};
		B27F1FE9229A8AF200E504EE = {
			isa = PBXGroup;
			children = (
				B27F1FF4229A8AF200E504EE /* GalwayBusApp */,
				B27F1FF3229A8AF200E504EE /* Products */,
				9982FDBE02DB54D9A32D5CB7 /* Pods */,
				317B257004B61D2E35FF0377 /* Frameworks */,
			);
			sourceTree = "<group>";
		};
		B27F1FF3229A8AF200E504EE /* Products */ = {
			isa = PBXGroup;
			children = (
				B27F1FF2229A8AF200E504EE /* GalwayBusApp.app */,
			);
			name = Products;
			sourceTree = "<group>";
		};
		B27F1FF4229A8AF200E504EE /* GalwayBusApp */ = {
			isa = PBXGroup;
			children = (
				B27F1FF5229A8AF200E504EE /* AppDelegate.swift */,
				B27F1FF7229A8AF200E504EE /* StopsViewController.swift */,
				B27F1FF9229A8AF200E504EE /* RoutesViewController.swift */,
				B27F1FFB229A8AF200E504EE /* Main.storyboard */,
				B27F1FFE229A8AF300E504EE /* Assets.xcassets */,
				B27F2000229A8AF300E504EE /* LaunchScreen.storyboard */,
				B27F2003229A8AF300E504EE /* Info.plist */,
			);
			path = GalwayBusApp;
			sourceTree = "<group>";
		};
/* End PBXGroup section */

/* Begin PBXNativeTarget section */
		B27F1FF1229A8AF200E504EE /* GalwayBusApp */ = {
			isa = PBXNativeTarget;
			buildConfigurationList = B27F2006229A8AF300E504EE /* Build configuration list for PBXNativeTarget "GalwayBusApp" */;
			buildPhases = (
				624E329B892A3CC90B84C2E6 /* [CP] Check Pods Manifest.lock */,
				B27F1FEE229A8AF200E504EE /* Sources */,
				B27F1FEF229A8AF200E504EE /* Frameworks */,
				B27F1FF0229A8AF200E504EE /* Resources */,
				B27F200C229A924B00E504EE /* Embed Frameworks */,
			);
			buildRules = (
			);
			dependencies = (
			);
			name = GalwayBusApp;
			productName = GalwayBusApp;
			productReference = B27F1FF2229A8AF200E504EE /* GalwayBusApp.app */;
			productType = "com.apple.product-type.application";
		};
/* End PBXNativeTarget section */

/* Begin PBXProject section */
		B27F1FEA229A8AF200E504EE /* Project object */ = {
			isa = PBXProject;
			attributes = {
				LastSwiftUpdateCheck = 1020;
				LastUpgradeCheck = 1020;
				ORGANIZATIONNAME = Surrus;
				TargetAttributes = {
					B27F1FF1229A8AF200E504EE = {
						CreatedOnToolsVersion = 10.2;
					};
				};
			};
			buildConfigurationList = B27F1FED229A8AF200E504EE /* Build configuration list for PBXProject "GalwayBusApp" */;
			compatibilityVersion = "Xcode 9.3";
			developmentRegion = en;
			hasScannedForEncodings = 0;
			knownRegions = (
				en,
				Base,
			);
			mainGroup = B27F1FE9229A8AF200E504EE;
			productRefGroup = B27F1FF3229A8AF200E504EE /* Products */;
			projectDirPath = "";
			projectRoot = "";
			targets = (
				B27F1FF1229A8AF200E504EE /* GalwayBusApp */,
			);
		};
/* End PBXProject section */

/* Begin PBXResourcesBuildPhase section */
		B27F1FF0229A8AF200E504EE /* Resources */ = {
			isa = PBXResourcesBuildPhase;
			buildActionMask = 2147483647;
			files = (
				B27F2002229A8AF300E504EE /* LaunchScreen.storyboard in Resources */,
				B27F1FFF229A8AF300E504EE /* Assets.xcassets in Resources */,
				B27F1FFD229A8AF200E504EE /* Main.storyboard in Resources */,
			);
			runOnlyForDeploymentPostprocessing = 0;
		};
/* End PBXResourcesBuildPhase section */

/* Begin PBXShellScriptBuildPhase section */
		624E329B892A3CC90B84C2E6 /* [CP] Check Pods Manifest.lock */ = {
			isa = PBXShellScriptBuildPhase;
			buildActionMask = 2147483647;
			files = (
			);
			inputFileListPaths = (
			);
			inputPaths = (
				"${PODS_PODFILE_DIR_PATH}/Podfile.lock",
				"${PODS_ROOT}/Manifest.lock",
			);
			name = "[CP] Check Pods Manifest.lock";
			outputFileListPaths = (
			);
			outputPaths = (
				"$(DERIVED_FILE_DIR)/Pods-GalwayBusApp-checkManifestLockResult.txt",
			);
			runOnlyForDeploymentPostprocessing = 0;
			shellPath = /bin/sh;
			shellScript = "diff \"${PODS_PODFILE_DIR_PATH}/Podfile.lock\" \"${PODS_ROOT}/Manifest.lock\" > /dev/null\nif [ $? != 0 ] ; then\n    # print error to STDERR\n    echo \"error: The sandbox is not in sync with the Podfile.lock. Run 'pod install' or update your CocoaPods installation.\" >&2\n    exit 1\nfi\n# This output is used by Xcode 'outputs' to avoid re-running this script phase.\necho \"SUCCESS\" > \"${SCRIPT_OUTPUT_FILE_0}\"\n";
			showEnvVarsInLog = 0;
		};
/* End PBXShellScriptBuildPhase section */

/* Begin PBXSourcesBuildPhase section */
		B27F1FEE229A8AF200E504EE /* Sources */ = {
			isa = PBXSourcesBuildPhase;
			buildActionMask = 2147483647;
			files = (
				B27F1FFA229A8AF200E504EE /* RoutesViewController.swift in Sources */,
				B27F1FF6229A8AF200E504EE /* AppDelegate.swift in Sources */,
				B27F1FF8229A8AF200E504EE /* StopsViewController.swift in Sources */,
			);
			runOnlyForDeploymentPostprocessing = 0;
		};
/* End PBXSourcesBuildPhase section */

/* Begin PBXVariantGroup section */
		B27F1FFB229A8AF200E504EE /* Main.storyboard */ = {
			isa = PBXVariantGroup;
			children = (
				B27F1FFC229A8AF200E504EE /* Base */,
			);
			name = Main.storyboard;
			sourceTree = "<group>";
		};
		B27F2000229A8AF300E504EE /* LaunchScreen.storyboard */ = {
			isa = PBXVariantGroup;
			children = (
				B27F2001229A8AF300E504EE /* Base */,
			);
			name = LaunchScreen.storyboard;
			sourceTree = "<group>";
		};
/* End PBXVariantGroup section */

/* Begin XCBuildConfiguration section */
		B27F2004229A8AF300E504EE /* Debug */ = {
			isa = XCBuildConfiguration;
			buildSettings = {
				ALWAYS_SEARCH_USER_PATHS = NO;
				CLANG_ANALYZER_NONNULL = YES;
				CLANG_ANALYZER_NUMBER_OBJECT_CONVERSION = YES_AGGRESSIVE;
				CLANG_CXX_LANGUAGE_STANDARD = "gnu++14";
				CLANG_CXX_LIBRARY = "libc++";
				CLANG_ENABLE_MODULES = YES;
				CLANG_ENABLE_OBJC_ARC = YES;
				CLANG_ENABLE_OBJC_WEAK = YES;
				CLANG_WARN_BLOCK_CAPTURE_AUTORELEASING = YES;
				CLANG_WARN_BOOL_CONVERSION = YES;
				CLANG_WARN_COMMA = YES;
				CLANG_WARN_CONSTANT_CONVERSION = YES;
				CLANG_WARN_DEPRECATED_OBJC_IMPLEMENTATIONS = YES;
				CLANG_WARN_DIRECT_OBJC_ISA_USAGE = YES_ERROR;
				CLANG_WARN_DOCUMENTATION_COMMENTS = YES;
				CLANG_WARN_EMPTY_BODY = YES;
				CLANG_WARN_ENUM_CONVERSION = YES;
				CLANG_WARN_INFINITE_RECURSION = YES;
				CLANG_WARN_INT_CONVERSION = YES;
				CLANG_WARN_NON_LITERAL_NULL_CONVERSION = YES;
				CLANG_WARN_OBJC_IMPLICIT_RETAIN_SELF = YES;
				CLANG_WARN_OBJC_LITERAL_CONVERSION = YES;
				CLANG_WARN_OBJC_ROOT_CLASS = YES_ERROR;
				CLANG_WARN_RANGE_LOOP_ANALYSIS = YES;
				CLANG_WARN_STRICT_PROTOTYPES = YES;
				CLANG_WARN_SUSPICIOUS_MOVE = YES;
				CLANG_WARN_UNGUARDED_AVAILABILITY = YES_AGGRESSIVE;
				CLANG_WARN_UNREACHABLE_CODE = YES;
				CLANG_WARN__DUPLICATE_METHOD_MATCH = YES;
				CODE_SIGN_IDENTITY = "iPhone Developer";
				COPY_PHASE_STRIP = NO;
				DEBUG_INFORMATION_FORMAT = dwarf;
				ENABLE_STRICT_OBJC_MSGSEND = YES;
				ENABLE_TESTABILITY = YES;
				GCC_C_LANGUAGE_STANDARD = gnu11;
				GCC_DYNAMIC_NO_PIC = NO;
				GCC_NO_COMMON_BLOCKS = YES;
				GCC_OPTIMIZATION_LEVEL = 0;
				GCC_PREPROCESSOR_DEFINITIONS = (
					"DEBUG=1",
					"$(inherited)",
				);
				GCC_WARN_64_TO_32_BIT_CONVERSION = YES;
				GCC_WARN_ABOUT_RETURN_TYPE = YES_ERROR;
				GCC_WARN_UNDECLARED_SELECTOR = YES;
				GCC_WARN_UNINITIALIZED_AUTOS = YES_AGGRESSIVE;
				GCC_WARN_UNUSED_FUNCTION = YES;
				GCC_WARN_UNUSED_VARIABLE = YES;
				IPHONEOS_DEPLOYMENT_TARGET = 12.2;
				MTL_ENABLE_DEBUG_INFO = INCLUDE_SOURCE;
				MTL_FAST_MATH = YES;
				ONLY_ACTIVE_ARCH = YES;
				SDKROOT = iphoneos;
				SWIFT_ACTIVE_COMPILATION_CONDITIONS = DEBUG;
				SWIFT_OPTIMIZATION_LEVEL = "-Onone";
			};
			name = Debug;
		};
		B27F2005229A8AF300E504EE /* Release */ = {
			isa = XCBuildConfiguration;
			buildSettings = {
				ALWAYS_SEARCH_USER_PATHS = NO;
				CLANG_ANALYZER_NONNULL = YES;
				CLANG_ANALYZER_NUMBER_OBJECT_CONVERSION = YES_AGGRESSIVE;
				CLANG_CXX_LANGUAGE_STANDARD = "gnu++14";
				CLANG_CXX_LIBRARY = "libc++";
				CLANG_ENABLE_MODULES = YES;
				CLANG_ENABLE_OBJC_ARC = YES;
				CLANG_ENABLE_OBJC_WEAK = YES;
				CLANG_WARN_BLOCK_CAPTURE_AUTORELEASING = YES;
				CLANG_WARN_BOOL_CONVERSION = YES;
				CLANG_WARN_COMMA = YES;
				CLANG_WARN_CONSTANT_CONVERSION = YES;
				CLANG_WARN_DEPRECATED_OBJC_IMPLEMENTATIONS = YES;
				CLANG_WARN_DIRECT_OBJC_ISA_USAGE = YES_ERROR;
				CLANG_WARN_DOCUMENTATION_COMMENTS = YES;
				CLANG_WARN_EMPTY_BODY = YES;
				CLANG_WARN_ENUM_CONVERSION = YES;
				CLANG_WARN_INFINITE_RECURSION = YES;
				CLANG_WARN_INT_CONVERSION = YES;
				CLANG_WARN_NON_LITERAL_NULL_CONVERSION = YES;
				CLANG_WARN_OBJC_IMPLICIT_RETAIN_SELF = YES;
				CLANG_WARN_OBJC_LITERAL_CONVERSION = YES;
				CLANG_WARN_OBJC_ROOT_CLASS = YES_ERROR;
				CLANG_WARN_RANGE_LOOP_ANALYSIS = YES;
				CLANG_WARN_STRICT_PROTOTYPES = YES;
				CLANG_WARN_SUSPICIOUS_MOVE = YES;
				CLANG_WARN_UNGUARDED_AVAILABILITY = YES_AGGRESSIVE;
				CLANG_WARN_UNREACHABLE_CODE = YES;
				CLANG_WARN__DUPLICATE_METHOD_MATCH = YES;
				CODE_SIGN_IDENTITY = "iPhone Developer";
				COPY_PHASE_STRIP = NO;
				DEBUG_INFORMATION_FORMAT = "dwarf-with-dsym";
				ENABLE_NS_ASSERTIONS = NO;
				ENABLE_STRICT_OBJC_MSGSEND = YES;
				GCC_C_LANGUAGE_STANDARD = gnu11;
				GCC_NO_COMMON_BLOCKS = YES;
				GCC_WARN_64_TO_32_BIT_CONVERSION = YES;
				GCC_WARN_ABOUT_RETURN_TYPE = YES_ERROR;
				GCC_WARN_UNDECLARED_SELECTOR = YES;
				GCC_WARN_UNINITIALIZED_AUTOS = YES_AGGRESSIVE;
				GCC_WARN_UNUSED_FUNCTION = YES;
				GCC_WARN_UNUSED_VARIABLE = YES;
				IPHONEOS_DEPLOYMENT_TARGET = 12.2;
				MTL_ENABLE_DEBUG_INFO = NO;
				MTL_FAST_MATH = YES;
				SDKROOT = iphoneos;
				SWIFT_COMPILATION_MODE = wholemodule;
				SWIFT_OPTIMIZATION_LEVEL = "-O";
				VALIDATE_PRODUCT = YES;
			};
			name = Release;
		};
		B27F2007229A8AF300E504EE /* Debug */ = {
			isa = XCBuildConfiguration;
			baseConfigurationReference = 316BC0E668B25951D636FC20 /* Pods-GalwayBusApp.debug.xcconfig */;
			buildSettings = {
				ASSETCATALOG_COMPILER_APPICON_NAME = AppIcon;
				CODE_SIGN_STYLE = Automatic;
				DEVELOPMENT_TEAM = NT77748GS8;
				INFOPLIST_FILE = GalwayBusApp/Info.plist;
				LD_RUNPATH_SEARCH_PATHS = (
					"$(inherited)",
					"@executable_path/Frameworks",
				);
				PRODUCT_BUNDLE_IDENTIFIER = com.surrus.GalwayBusApp;
				PRODUCT_NAME = "$(TARGET_NAME)";
				SWIFT_VERSION = 5.0;
				TARGETED_DEVICE_FAMILY = "1,2";
			};
			name = Debug;
		};
		B27F2008229A8AF300E504EE /* Release */ = {
			isa = XCBuildConfiguration;
			baseConfigurationReference = 710CC103844540F692ACC73E /* Pods-GalwayBusApp.release.xcconfig */;
			buildSettings = {
				ASSETCATALOG_COMPILER_APPICON_NAME = AppIcon;
				CODE_SIGN_STYLE = Automatic;
				DEVELOPMENT_TEAM = NT77748GS8;
				INFOPLIST_FILE = GalwayBusApp/Info.plist;
				LD_RUNPATH_SEARCH_PATHS = (
					"$(inherited)",
					"@executable_path/Frameworks",
				);
				PRODUCT_BUNDLE_IDENTIFIER = com.surrus.GalwayBusApp;
				PRODUCT_NAME = "$(TARGET_NAME)";
				SWIFT_VERSION = 5.0;
				TARGETED_DEVICE_FAMILY = "1,2";
			};
			name = Release;
		};
/* End XCBuildConfiguration section */

/* Begin XCConfigurationList section */
		B27F1FED229A8AF200E504EE /* Build configuration list for PBXProject "GalwayBusApp" */ = {
			isa = XCConfigurationList;
			buildConfigurations = (
				B27F2004229A8AF300E504EE /* Debug */,
				B27F2005229A8AF300E504EE /* Release */,
			);
			defaultConfigurationIsVisible = 0;
			defaultConfigurationName = Release;
		};
		B27F2006229A8AF300E504EE /* Build configuration list for PBXNativeTarget "GalwayBusApp" */ = {
			isa = XCConfigurationList;
			buildConfigurations = (
				B27F2007229A8AF300E504EE /* Debug */,
				B27F2008229A8AF300E504EE /* Release */,
			);
			defaultConfigurationIsVisible = 0;
			defaultConfigurationName = Release;
		};
/* End XCConfigurationList section */
	};
	rootObject = B27F1FEA229A8AF200E504EE /* Project object */;
}
