{
  "pins" : [
    {
      "identity" : "kmp-nativecoroutines",
      "kind" : "remoteSourceControl",
      "location" : "https://github.com/rickclephas/KMP-NativeCoroutines.git",
      "state" : {
        "revision" : "3bbea7d59681140caba3d552383fc30d8fddb7ec",
        "version" : "0.12.2"
      }
    },
    {
      "identity" : "rxswift",
      "kind" : "remoteSourceControl",
      "location" : "https://github.com/ReactiveX/RxSwift.git",
      "state" : {
        "revision" : "b4307ba0b6425c0ba4178e138799946c3da594f8",
        "version" : "6.5.0"
      }
    }
  ],
  "version" : 2
}
