// !$*UTF8*$!
{
	archiveVersion = 1;
	classes = {
	};
	objectVersion = 50;
	objects = {

/* Begin PBXBuildFile section */
		1A163D13249E82A700A58FEE /* ViewModels.swift in Sources */ = {isa = PBXBuildFile; fileRef = 1A163D12249E82A700A58FEE /* ViewModels.swift */; };
		1A163D15249E88F100A58FEE /* libsqlite3.tbd in Frameworks */ = {isa = PBXBuildFile; fileRef = 1A163D14249E880900A58FEE /* libsqlite3.tbd */; };
		1A163D17249E890200A58FEE /* libcurl.tbd in Frameworks */ = {isa = PBXBuildFile; fileRef = 1A163D16249E88F800A58FEE /* libcurl.tbd */; };
		1A163D19249E8DE600A58FEE /* MapView.swift in Sources */ = {isa = PBXBuildFile; fileRef = 1A163D18249E8DE600A58FEE /* MapView.swift */; };
		1A919412249E81BD008E2AC8 /* AppDelegate.swift in Sources */ = {isa = PBXBuildFile; fileRef = 1A919411249E81BD008E2AC8 /* AppDelegate.swift */; };
		1A919414249E81BD008E2AC8 /* ContentView.swift in Sources */ = {isa = PBXBuildFile; fileRef = 1A919413249E81BD008E2AC8 /* ContentView.swift */; };
		1A919416249E81BE008E2AC8 /* Assets.xcassets in Resources */ = {isa = PBXBuildFile; fileRef = 1A919415249E81BE008E2AC8 /* Assets.xcassets */; };
		1A919419249E81BE008E2AC8 /* Preview Assets.xcassets in Resources */ = {isa = PBXBuildFile; fileRef = 1A919418249E81BE008E2AC8 /* Preview Assets.xcassets */; };
		1A91941C249E81BE008E2AC8 /* Main.storyboard in Resources */ = {isa = PBXBuildFile; fileRef = 1A91941A249E81BE008E2AC8 /* Main.storyboard */; };
		AE6B5613EE2175567F17B4D5 /* libPods-GalwayBus.a in Frameworks */ = {isa = PBXBuildFile; fileRef = 963BDCF6BB47E72EEA727A36 /* libPods-GalwayBus.a */; };
/* End PBXBuildFile section */

/* Begin PBXFileReference section */
		1A163D12249E82A700A58FEE /* ViewModels.swift */ = {isa = PBXFileReference; lastKnownFileType = sourcecode.swift; path = ViewModels.swift; sourceTree = "<group>"; };
		1A163D14249E880900A58FEE /* libsqlite3.tbd */ = {isa = PBXFileReference; lastKnownFileType = "sourcecode.text-based-dylib-definition"; name = libsqlite3.tbd; path = usr/lib/libsqlite3.tbd; sourceTree = SDKROOT; };
		1A163D16249E88F800A58FEE /* libcurl.tbd */ = {isa = PBXFileReference; lastKnownFileType = "sourcecode.text-based-dylib-definition"; name = libcurl.tbd; path = usr/lib/libcurl.tbd; sourceTree = SDKROOT; };
		1A163D18249E8DE600A58FEE /* MapView.swift */ = {isa = PBXFileReference; lastKnownFileType = sourcecode.swift; path = MapView.swift; sourceTree = "<group>"; };
		1A91940E249E81BD008E2AC8 /* GalwayBus.app */ = {isa = PBXFileReference; explicitFileType = wrapper.application; includeInIndex = 0; path = GalwayBus.app; sourceTree = BUILT_PRODUCTS_DIR; };
		1A919411249E81BD008E2AC8 /* AppDelegate.swift */ = {isa = PBXFileReference; lastKnownFileType = sourcecode.swift; path = AppDelegate.swift; sourceTree = "<group>"; };
		1A919413249E81BD008E2AC8 /* ContentView.swift */ = {isa = PBXFileReference; lastKnownFileType = sourcecode.swift; path = ContentView.swift; sourceTree = "<group>"; };
		1A919415249E81BE008E2AC8 /* Assets.xcassets */ = {isa = PBXFileReference; lastKnownFileType = folder.assetcatalog; path = Assets.xcassets; sourceTree = "<group>"; };
		1A919418249E81BE008E2AC8 /* Preview Assets.xcassets */ = {isa = PBXFileReference; lastKnownFileType = folder.assetcatalog; path = "Preview Assets.xcassets"; sourceTree = "<group>"; };
		1A91941B249E81BE008E2AC8 /* Base */ = {isa = PBXFileReference; lastKnownFileType = file.storyboard; name = Base; path = Base.lproj/Main.storyboard; sourceTree = "<group>"; };
		1A91941D249E81BE008E2AC8 /* Info.plist */ = {isa = PBXFileReference; lastKnownFileType = text.plist.xml; path = Info.plist; sourceTree = "<group>"; };
		1A91941E249E81BE008E2AC8 /* GalwayBus.entitlements */ = {isa = PBXFileReference; lastKnownFileType = text.plist.entitlements; path = GalwayBus.entitlements; sourceTree = "<group>"; };
		963BDCF6BB47E72EEA727A36 /* libPods-GalwayBus.a */ = {isa = PBXFileReference; explicitFileType = archive.ar; includeInIndex = 0; path = "libPods-GalwayBus.a"; sourceTree = BUILT_PRODUCTS_DIR; };
		E86D16BE2EDEFC9356D1A511 /* Pods-GalwayBus.debug.xcconfig */ = {isa = PBXFileReference; includeInIndex = 1; lastKnownFileType = text.xcconfig; name = "Pods-GalwayBus.debug.xcconfig"; path = "Target Support Files/Pods-GalwayBus/Pods-GalwayBus.debug.xcconfig"; sourceTree = "<group>"; };
		F3122E9D5D26351A650011FA /* Pods-GalwayBus.release.xcconfig */ = {isa = PBXFileReference; includeInIndex = 1; lastKnownFileType = text.xcconfig; name = "Pods-GalwayBus.release.xcconfig"; path = "Target Support Files/Pods-GalwayBus/Pods-GalwayBus.release.xcconfig"; sourceTree = "<group>"; };
/* End PBXFileReference section */

/* Begin PBXFrameworksBuildPhase section */
		1A91940B249E81BD008E2AC8 /* Frameworks */ = {
			isa = PBXFrameworksBuildPhase;
			buildActionMask = 2147483647;
			files = (
				1A163D15249E88F100A58FEE /* libsqlite3.tbd in Frameworks */,
				AE6B5613EE2175567F17B4D5 /* libPods-GalwayBus.a in Frameworks */,
				1A163D17249E890200A58FEE /* libcurl.tbd in Frameworks */,
			);
			runOnlyForDeploymentPostprocessing = 0;
		};
/* End PBXFrameworksBuildPhase section */

/* Begin PBXGroup section */
		1A919405249E81BD008E2AC8 = {
			isa = PBXGroup;
			children = (
				1A919410249E81BD008E2AC8 /* GalwayBus */,
				1A91940F249E81BD008E2AC8 /* Products */,
				52582DBAD2BFD5C007DCCCA3 /* Pods */,
				8BE7EA98101D9A4EF3EA6C8E /* Frameworks */,
			);
			sourceTree = "<group>";
		};
		1A91940F249E81BD008E2AC8 /* Products */ = {
			isa = PBXGroup;
			children = (
				1A91940E249E81BD008E2AC8 /* GalwayBus.app */,
			);
			name = Products;
			sourceTree = "<group>";
		};
		1A919410249E81BD008E2AC8 /* GalwayBus */ = {
			isa = PBXGroup;
			children = (
				1A919411249E81BD008E2AC8 /* AppDelegate.swift */,
				1A919413249E81BD008E2AC8 /* ContentView.swift */,
				1A919415249E81BE008E2AC8 /* Assets.xcassets */,
				1A91941A249E81BE008E2AC8 /* Main.storyboard */,
				1A91941D249E81BE008E2AC8 /* Info.plist */,
				1A91941E249E81BE008E2AC8 /* GalwayBus.entitlements */,
				1A919417249E81BE008E2AC8 /* Preview Content */,
				1A163D12249E82A700A58FEE /* ViewModels.swift */,
				1A163D18249E8DE600A58FEE /* MapView.swift */,
			);
			path = GalwayBus;
			sourceTree = "<group>";
		};
		1A919417249E81BE008E2AC8 /* Preview Content */ = {
			isa = PBXGroup;
			children = (
				1A919418249E81BE008E2AC8 /* Preview Assets.xcassets */,
			);
			path = "Preview Content";
			sourceTree = "<group>";
		};
		52582DBAD2BFD5C007DCCCA3 /* Pods */ = {
			isa = PBXGroup;
			children = (
				E86D16BE2EDEFC9356D1A511 /* Pods-GalwayBus.debug.xcconfig */,
				F3122E9D5D26351A650011FA /* Pods-GalwayBus.release.xcconfig */,
			);
			path = Pods;
			sourceTree = "<group>";
		};
		8BE7EA98101D9A4EF3EA6C8E /* Frameworks */ = {
			isa = PBXGroup;
			children = (
				1A163D16249E88F800A58FEE /* libcurl.tbd */,
				1A163D14249E880900A58FEE /* libsqlite3.tbd */,
				963BDCF6BB47E72EEA727A36 /* libPods-GalwayBus.a */,
			);
			name = Frameworks;
			sourceTree = "<group>";
		};
/* End PBXGroup section */

/* Begin PBXNativeTarget section */
		1A91940D249E81BD008E2AC8 /* GalwayBus */ = {
			isa = PBXNativeTarget;
			buildConfigurationList = 1A919421249E81BE008E2AC8 /* Build configuration list for PBXNativeTarget "GalwayBus" */;
			buildPhases = (
				C370E626E5DA96A7644A998C /* [CP] Check Pods Manifest.lock */,
				1A91940A249E81BD008E2AC8 /* Sources */,
				1A91940B249E81BD008E2AC8 /* Frameworks */,
				1A91940C249E81BD008E2AC8 /* Resources */,
			);
			buildRules = (
			);
			dependencies = (
			);
			name = GalwayBus;
			productName = GalwayBus;
			productReference = 1A91940E249E81BD008E2AC8 /* GalwayBus.app */;
			productType = "com.apple.product-type.application";
		};
/* End PBXNativeTarget section */

/* Begin PBXProject section */
		1A919406249E81BD008E2AC8 /* Project object */ = {
			isa = PBXProject;
			attributes = {
				LastSwiftUpdateCheck = 1150;
				LastUpgradeCheck = 1150;
				ORGANIZATIONNAME = "John O'Reilly";
				TargetAttributes = {
					1A91940D249E81BD008E2AC8 = {
						CreatedOnToolsVersion = 11.5;
					};
				};
			};
			buildConfigurationList = 1A919409249E81BD008E2AC8 /* Build configuration list for PBXProject "GalwayBus" */;
			compatibilityVersion = "Xcode 9.3";
			developmentRegion = en;
			hasScannedForEncodings = 0;
			knownRegions = (
				en,
				Base,
			);
			mainGroup = 1A919405249E81BD008E2AC8;
			productRefGroup = 1A91940F249E81BD008E2AC8 /* Products */;
			projectDirPath = "";
			projectRoot = "";
			targets = (
				1A91940D249E81BD008E2AC8 /* GalwayBus */,
			);
		};
/* End PBXProject section */

/* Begin PBXResourcesBuildPhase section */
		1A91940C249E81BD008E2AC8 /* Resources */ = {
			isa = PBXResourcesBuildPhase;
			buildActionMask = 2147483647;
			files = (
				1A91941C249E81BE008E2AC8 /* Main.storyboard in Resources */,
				1A919419249E81BE008E2AC8 /* Preview Assets.xcassets in Resources */,
				1A919416249E81BE008E2AC8 /* Assets.xcassets in Resources */,
			);
			runOnlyForDeploymentPostprocessing = 0;
		};
/* End PBXResourcesBuildPhase section */

/* Begin PBXShellScriptBuildPhase section */
		C370E626E5DA96A7644A998C /* [CP] Check Pods Manifest.lock */ = {
			isa = PBXShellScriptBuildPhase;
			buildActionMask = 2147483647;
			files = (
			);
			inputFileListPaths = (
			);
			inputPaths = (
				"${PODS_PODFILE_DIR_PATH}/Podfile.lock",
				"${PODS_ROOT}/Manifest.lock",
			);
			name = "[CP] Check Pods Manifest.lock";
			outputFileListPaths = (
			);
			outputPaths = (
				"$(DERIVED_FILE_DIR)/Pods-GalwayBus-checkManifestLockResult.txt",
			);
			runOnlyForDeploymentPostprocessing = 0;
			shellPath = /bin/sh;
			shellScript = "diff \"${PODS_PODFILE_DIR_PATH}/Podfile.lock\" \"${PODS_ROOT}/Manifest.lock\" > /dev/null\nif [ $? != 0 ] ; then\n    # print error to STDERR\n    echo \"error: The sandbox is not in sync with the Podfile.lock. Run 'pod install' or update your CocoaPods installation.\" >&2\n    exit 1\nfi\n# This output is used by Xcode 'outputs' to avoid re-running this script phase.\necho \"SUCCESS\" > \"${SCRIPT_OUTPUT_FILE_0}\"\n";
			showEnvVarsInLog = 0;
		};
/* End PBXShellScriptBuildPhase section */

/* Begin PBXSourcesBuildPhase section */
		1A91940A249E81BD008E2AC8 /* Sources */ = {
			isa = PBXSourcesBuildPhase;
			buildActionMask = 2147483647;
			files = (
				1A163D13249E82A700A58FEE /* ViewModels.swift in Sources */,
				1A163D19249E8DE600A58FEE /* MapView.swift in Sources */,
				1A919414249E81BD008E2AC8 /* ContentView.swift in Sources */,
				1A919412249E81BD008E2AC8 /* AppDelegate.swift in Sources */,
			);
			runOnlyForDeploymentPostprocessing = 0;
		};
/* End PBXSourcesBuildPhase section */

/* Begin PBXVariantGroup section */
		1A91941A249E81BE008E2AC8 /* Main.storyboard */ = {
			isa = PBXVariantGroup;
			children = (
				1A91941B249E81BE008E2AC8 /* Base */,
			);
			name = Main.storyboard;
			sourceTree = "<group>";
		};
/* End PBXVariantGroup section */

/* Begin XCBuildConfiguration section */
		1A91941F249E81BE008E2AC8 /* Debug */ = {
			isa = XCBuildConfiguration;
			buildSettings = {
				ALWAYS_SEARCH_USER_PATHS = NO;
				CLANG_ANALYZER_NONNULL = YES;
				CLANG_ANALYZER_NUMBER_OBJECT_CONVERSION = YES_AGGRESSIVE;
				CLANG_CXX_LANGUAGE_STANDARD = "gnu++14";
				CLANG_CXX_LIBRARY = "libc++";
				CLANG_ENABLE_MODULES = YES;
				CLANG_ENABLE_OBJC_ARC = YES;
				CLANG_ENABLE_OBJC_WEAK = YES;
				CLANG_WARN_BLOCK_CAPTURE_AUTORELEASING = YES;
				CLANG_WARN_BOOL_CONVERSION = YES;
				CLANG_WARN_COMMA = YES;
				CLANG_WARN_CONSTANT_CONVERSION = YES;
				CLANG_WARN_DEPRECATED_OBJC_IMPLEMENTATIONS = YES;
				CLANG_WARN_DIRECT_OBJC_ISA_USAGE = YES_ERROR;
				CLANG_WARN_DOCUMENTATION_COMMENTS = YES;
				CLANG_WARN_EMPTY_BODY = YES;
				CLANG_WARN_ENUM_CONVERSION = YES;
				CLANG_WARN_INFINITE_RECURSION = YES;
				CLANG_WARN_INT_CONVERSION = YES;
				CLANG_WARN_NON_LITERAL_NULL_CONVERSION = YES;
				CLANG_WARN_OBJC_IMPLICIT_RETAIN_SELF = YES;
				CLANG_WARN_OBJC_LITERAL_CONVERSION = YES;
				CLANG_WARN_OBJC_ROOT_CLASS = YES_ERROR;
				CLANG_WARN_RANGE_LOOP_ANALYSIS = YES;
				CLANG_WARN_STRICT_PROTOTYPES = YES;
				CLANG_WARN_SUSPICIOUS_MOVE = YES;
				CLANG_WARN_UNGUARDED_AVAILABILITY = YES_AGGRESSIVE;
				CLANG_WARN_UNREACHABLE_CODE = YES;
				CLANG_WARN__DUPLICATE_METHOD_MATCH = YES;
				COPY_PHASE_STRIP = NO;
				DEBUG_INFORMATION_FORMAT = dwarf;
				ENABLE_STRICT_OBJC_MSGSEND = YES;
				ENABLE_TESTABILITY = YES;
				GCC_C_LANGUAGE_STANDARD = gnu11;
				GCC_DYNAMIC_NO_PIC = NO;
				GCC_NO_COMMON_BLOCKS = YES;
				GCC_OPTIMIZATION_LEVEL = 0;
				GCC_PREPROCESSOR_DEFINITIONS = (
					"DEBUG=1",
					"$(inherited)",
				);
				GCC_WARN_64_TO_32_BIT_CONVERSION = YES;
				GCC_WARN_ABOUT_RETURN_TYPE = YES_ERROR;
				GCC_WARN_UNDECLARED_SELECTOR = YES;
				GCC_WARN_UNINITIALIZED_AUTOS = YES_AGGRESSIVE;
				GCC_WARN_UNUSED_FUNCTION = YES;
				GCC_WARN_UNUSED_VARIABLE = YES;
				MACOSX_DEPLOYMENT_TARGET = 10.15;
				MTL_ENABLE_DEBUG_INFO = INCLUDE_SOURCE;
				MTL_FAST_MATH = YES;
				ONLY_ACTIVE_ARCH = YES;
				SDKROOT = macosx;
				SWIFT_ACTIVE_COMPILATION_CONDITIONS = DEBUG;
				SWIFT_OPTIMIZATION_LEVEL = "-Onone";
			};
			name = Debug;
		};
		1A919420249E81BE008E2AC8 /* Release */ = {
			isa = XCBuildConfiguration;
			buildSettings = {
				ALWAYS_SEARCH_USER_PATHS = NO;
				CLANG_ANALYZER_NONNULL = YES;
				CLANG_ANALYZER_NUMBER_OBJECT_CONVERSION = YES_AGGRESSIVE;
				CLANG_CXX_LANGUAGE_STANDARD = "gnu++14";
				CLANG_CXX_LIBRARY = "libc++";
				CLANG_ENABLE_MODULES = YES;
				CLANG_ENABLE_OBJC_ARC = YES;
				CLANG_ENABLE_OBJC_WEAK = YES;
				CLANG_WARN_BLOCK_CAPTURE_AUTORELEASING = YES;
				CLANG_WARN_BOOL_CONVERSION = YES;
				CLANG_WARN_COMMA = YES;
				CLANG_WARN_CONSTANT_CONVERSION = YES;
				CLANG_WARN_DEPRECATED_OBJC_IMPLEMENTATIONS = YES;
				CLANG_WARN_DIRECT_OBJC_ISA_USAGE = YES_ERROR;
				CLANG_WARN_DOCUMENTATION_COMMENTS = YES;
				CLANG_WARN_EMPTY_BODY = YES;
				CLANG_WARN_ENUM_CONVERSION = YES;
				CLANG_WARN_INFINITE_RECURSION = YES;
				CLANG_WARN_INT_CONVERSION = YES;
				CLANG_WARN_NON_LITERAL_NULL_CONVERSION = YES;
				CLANG_WARN_OBJC_IMPLICIT_RETAIN_SELF = YES;
				CLANG_WARN_OBJC_LITERAL_CONVERSION = YES;
				CLANG_WARN_OBJC_ROOT_CLASS = YES_ERROR;
				CLANG_WARN_RANGE_LOOP_ANALYSIS = YES;
				CLANG_WARN_STRICT_PROTOTYPES = YES;
				CLANG_WARN_SUSPICIOUS_MOVE = YES;
				CLANG_WARN_UNGUARDED_AVAILABILITY = YES_AGGRESSIVE;
				CLANG_WARN_UNREACHABLE_CODE = YES;
				CLANG_WARN__DUPLICATE_METHOD_MATCH = YES;
				COPY_PHASE_STRIP = NO;
				DEBUG_INFORMATION_FORMAT = "dwarf-with-dsym";
				ENABLE_NS_ASSERTIONS = NO;
				ENABLE_STRICT_OBJC_MSGSEND = YES;
				GCC_C_LANGUAGE_STANDARD = gnu11;
				GCC_NO_COMMON_BLOCKS = YES;
				GCC_WARN_64_TO_32_BIT_CONVERSION = YES;
				GCC_WARN_ABOUT_RETURN_TYPE = YES_ERROR;
				GCC_WARN_UNDECLARED_SELECTOR = YES;
				GCC_WARN_UNINITIALIZED_AUTOS = YES_AGGRESSIVE;
				GCC_WARN_UNUSED_FUNCTION = YES;
				GCC_WARN_UNUSED_VARIABLE = YES;
				MACOSX_DEPLOYMENT_TARGET = 10.15;
				MTL_ENABLE_DEBUG_INFO = NO;
				MTL_FAST_MATH = YES;
				SDKROOT = macosx;
				SWIFT_COMPILATION_MODE = wholemodule;
				SWIFT_OPTIMIZATION_LEVEL = "-O";
			};
			name = Release;
		};
		1A919422249E81BE008E2AC8 /* Debug */ = {
			isa = XCBuildConfiguration;
			baseConfigurationReference = E86D16BE2EDEFC9356D1A511 /* Pods-GalwayBus.debug.xcconfig */;
			buildSettings = {
				ASSETCATALOG_COMPILER_APPICON_NAME = AppIcon;
				CODE_SIGN_ENTITLEMENTS = GalwayBus/GalwayBus.entitlements;
				CODE_SIGN_STYLE = Automatic;
				COMBINE_HIDPI_IMAGES = YES;
				DEAD_CODE_STRIPPING = YES;
				DEVELOPMENT_ASSET_PATHS = "\"GalwayBus/Preview Content\"";
				DEVELOPMENT_TEAM = NT77748GS8;
				ENABLE_HARDENED_RUNTIME = YES;
				ENABLE_PREVIEWS = YES;
				INFOPLIST_FILE = GalwayBus/Info.plist;
				LD_RUNPATH_SEARCH_PATHS = (
					"$(inherited)",
					"@executable_path/../Frameworks",
				);
				MACOSX_DEPLOYMENT_TARGET = 10.15;
				OTHER_LDFLAGS = (
					"$(inherited)",
					"-ObjC",
					"-l\"c++\"",
					"-framework",
					"\"SharedCode\"",
					"-L/usr/local/opt/curl/lib",
				);
				PRODUCT_BUNDLE_IDENTIFIER = com.surrus.GalwayBus;
				PRODUCT_NAME = "$(TARGET_NAME)";
				SWIFT_VERSION = 5.0;
			};
			name = Debug;
		};
		1A919423249E81BE008E2AC8 /* Release */ = {
			isa = XCBuildConfiguration;
			baseConfigurationReference = F3122E9D5D26351A650011FA /* Pods-GalwayBus.release.xcconfig */;
			buildSettings = {
				ASSETCATALOG_COMPILER_APPICON_NAME = AppIcon;
				CODE_SIGN_ENTITLEMENTS = GalwayBus/GalwayBus.entitlements;
				CODE_SIGN_STYLE = Automatic;
				COMBINE_HIDPI_IMAGES = YES;
				DEAD_CODE_STRIPPING = YES;
				DEVELOPMENT_ASSET_PATHS = "\"GalwayBus/Preview Content\"";
				DEVELOPMENT_TEAM = NT77748GS8;
				ENABLE_HARDENED_RUNTIME = YES;
				ENABLE_PREVIEWS = YES;
				INFOPLIST_FILE = GalwayBus/Info.plist;
				LD_RUNPATH_SEARCH_PATHS = (
					"$(inherited)",
					"@executable_path/../Frameworks",
				);
				MACOSX_DEPLOYMENT_TARGET = 10.15;
				OTHER_LDFLAGS = (
					"$(inherited)",
					"-ObjC",
					"-l\"c++\"",
					"-framework",
					"\"SharedCode\"",
					"-L/usr/local/opt/curl/lib",
				);
				PRODUCT_BUNDLE_IDENTIFIER = com.surrus.GalwayBus;
				PRODUCT_NAME = "$(TARGET_NAME)";
				SWIFT_VERSION = 5.0;
			};
			name = Release;
		};
/* End XCBuildConfiguration section */

/* Begin XCConfigurationList section */
		1A919409249E81BD008E2AC8 /* Build configuration list for PBXProject "GalwayBus" */ = {
			isa = XCConfigurationList;
			buildConfigurations = (
				1A91941F249E81BE008E2AC8 /* Debug */,
				1A919420249E81BE008E2AC8 /* Release */,
			);
			defaultConfigurationIsVisible = 0;
			defaultConfigurationName = Release;
		};
		1A919421249E81BE008E2AC8 /* Build configuration list for PBXNativeTarget "GalwayBus" */ = {
			isa = XCConfigurationList;
			buildConfigurations = (
				1A919422249E81BE008E2AC8 /* Debug */,
				1A919423249E81BE008E2AC8 /* Release */,
			);
			defaultConfigurationIsVisible = 0;
			defaultConfigurationName = Release;
		};
/* End XCConfigurationList section */
	};
	rootObject = 1A919406249E81BD008E2AC8 /* Project object */;
}
